#
# This file is autogenerated by pip-compile with Python 3.12
# by the following command:
#
#    pip-compile --cert=None --client-cert=None --index-url=None --output-file=backend/strategy_engine/requirements.lock --pip-args=None backend/strategy_engine/requirements.txt
#
anyio==4.12.1
    # via httpx
asyncpg==0.31.0
    # via -r backend/strategy_engine/requirements.txt
certifi==2026.1.4
    # via
    #   httpcore
    #   httpx
h11==0.16.0
    # via httpcore
httpcore==1.0.9
    # via httpx
httpx==0.28.1
    # via -r backend/strategy_engine/requirements.txt
idna==3.11
    # via
    #   anyio
    #   httpx
psycopg2-binary==2.9.11
    # via -r backend/strategy_engine/requirements.txt
typing-extensions==4.15.0
    # via anyio
