#
# This file is autogenerated by pip-compile with Python 3.12
# by the following command:
#
#    pip-compile --cert=None --client-cert=None --index-url=None --output-file=backend/mission_control/requirements.lock --pip-args=None backend/mission_control/requirements.txt
#
annotated-doc==0.0.4
    # via fastapi
annotated-types==0.7.0
    # via pydantic
anyio==4.12.1
    # via
    #   httpx
    #   starlette
certifi==2026.1.4
    # via
    #   httpcore
    #   httpx
click==8.3.1
    # via uvicorn
fastapi==0.126.0
    # via -r backend/mission_control/requirements.txt
h11==0.16.0
    # via
    #   httpcore
    #   uvicorn
httpcore==1.0.9
    # via httpx
httpx==0.27.2
    # via -r backend/mission_control/requirements.txt
idna==3.11
    # via
    #   anyio
    #   httpx
pydantic==2.12.5
    # via fastapi
pydantic-core==2.41.5
    # via pydantic
pyyaml==6.0.2
    # via -r backend/mission_control/requirements.txt
sniffio==1.3.1
    # via httpx
starlette==0.50.0
    # via fastapi
typing-extensions==4.15.0
    # via
    #   anyio
    #   fastapi
    #   pydantic
    #   pydantic-core
    #   starlette
    #   typing-inspection
typing-inspection==0.4.2
    # via pydantic
uvicorn==0.38.0
    # via -r backend/mission_control/requirements.txt
